# This file is automatically @generated by Cargo.
# It is not intended for manual editing.
version = 3

[[package]]
name = "fake-enum"
version = "0.1.4"
source = "registry+https://github.com/rust-lang/crates.io-index"
checksum = "185b4cd26aff3789b8662aa73732b585d46b9756cd3c6b302be72f68302c5eba"

[[package]]
name = "stage2"
version = "0.1.0"
dependencies = [
 "fake-enum",
]
